// !$*UTF8*$!
{
	archiveVersion = 1;
	classes = {
	};
	objectVersion = 50;
	objects = {

/* Begin PBXBuildFile section */
		110E7763266D280E003666A3 /* AppDelegate.swift in Sources */ = {isa = PBXBuildFile; fileRef = 110E7762266D280E003666A3 /* AppDelegate.swift */; };
		110E7765266D280E003666A3 /* SceneDelegate.swift in Sources */ = {isa = PBXBuildFile; fileRef = 110E7764266D280E003666A3 /* SceneDelegate.swift */; };
		110E7767266D280E003666A3 /* CommentsViewController.swift in Sources */ = {isa = PBXBuildFile; fileRef = 110E7766266D280E003666A3 /* CommentsViewController.swift */; };
		110E776A266D280E003666A3 /* Main.storyboard in Resources */ = {isa = PBXBuildFile; fileRef = 110E7768266D280E003666A3 /* Main.storyboard */; };
		110E776C266D2810003666A3 /* Assets.xcassets in Resources */ = {isa = PBXBuildFile; fileRef = 110E776B266D2810003666A3 /* Assets.xcassets */; };
		110E776F266D2810003666A3 /* LaunchScreen.storyboard in Resources */ = {isa = PBXBuildFile; fileRef = 110E776D266D2810003666A3 /* LaunchScreen.storyboard */; };
		110E7781266D2FA9003666A3 /* CommentCell.swift in Sources */ = {isa = PBXBuildFile; fileRef = 110E7780266D2FA9003666A3 /* CommentCell.swift */; };
		110E7783266D312B003666A3 /* Comment.swift in Sources */ = {isa = PBXBuildFile; fileRef = 110E7782266D312B003666A3 /* Comment.swift */; };
		110E7786266D33A1003666A3 /* NetworkService.swift in Sources */ = {isa = PBXBuildFile; fileRef = 110E7785266D33A1003666A3 /* NetworkService.swift */; };
		110E7789266D39AD003666A3 /* CommentNetworkService.swift in Sources */ = {isa = PBXBuildFile; fileRef = 110E7788266D39AD003666A3 /* CommentNetworkService.swift */; };
		110E778B266D3A6E003666A3 /* GetCommentResponse.swift in Sources */ = {isa = PBXBuildFile; fileRef = 110E778A266D3A6E003666A3 /* GetCommentResponse.swift */; };
		110E778E266D3B4D003666A3 /* NetworkError.swift in Sources */ = {isa = PBXBuildFile; fileRef = 110E778D266D3B4D003666A3 /* NetworkError.swift */; };
/* End PBXBuildFile section */

/* Begin PBXFileReference section */
		110E775F266D280E003666A3 /* MVC-N.app */ = {isa = PBXFileReference; explicitFileType = wrapper.application; includeInIndex = 0; path = "MVC-N.app"; sourceTree = BUILT_PRODUCTS_DIR; };
		110E7762266D280E003666A3 /* AppDelegate.swift */ = {isa = PBXFileReference; lastKnownFileType = sourcecode.swift; path = AppDelegate.swift; sourceTree = "<group>"; };
		110E7764266D280E003666A3 /* SceneDelegate.swift */ = {isa = PBXFileReference; lastKnownFileType = sourcecode.swift; path = SceneDelegate.swift; sourceTree = "<group>"; };
		110E7766266D280E003666A3 /* CommentsViewController.swift */ = {isa = PBXFileReference; lastKnownFileType = sourcecode.swift; path = CommentsViewController.swift; sourceTree = "<group>"; };
		110E7769266D280E003666A3 /* Base */ = {isa = PBXFileReference; lastKnownFileType = file.storyboard; name = Base; path = Base.lproj/Main.storyboard; sourceTree = "<group>"; };
		110E776B266D2810003666A3 /* Assets.xcassets */ = {isa = PBXFileReference; lastKnownFileType = folder.assetcatalog; path = Assets.xcassets; sourceTree = "<group>"; };
		110E776E266D2810003666A3 /* Base */ = {isa = PBXFileReference; lastKnownFileType = file.storyboard; name = Base; path = Base.lproj/LaunchScreen.storyboard; sourceTree = "<group>"; };
		110E7770266D2810003666A3 /* Info.plist */ = {isa = PBXFileReference; lastKnownFileType = text.plist.xml; path = Info.plist; sourceTree = "<group>"; };
		110E7780266D2FA9003666A3 /* CommentCell.swift */ = {isa = PBXFileReference; lastKnownFileType = sourcecode.swift; path = CommentCell.swift; sourceTree = "<group>"; };
		110E7782266D312B003666A3 /* Comment.swift */ = {isa = PBXFileReference; lastKnownFileType = sourcecode.swift; path = Comment.swift; sourceTree = "<group>"; };
		110E7785266D33A1003666A3 /* NetworkService.swift */ = {isa = PBXFileReference; lastKnownFileType = sourcecode.swift; path = NetworkService.swift; sourceTree = "<group>"; };
		110E7788266D39AD003666A3 /* CommentNetworkService.swift */ = {isa = PBXFileReference; lastKnownFileType = sourcecode.swift; path = CommentNetworkService.swift; sourceTree = "<group>"; };
		110E778A266D3A6E003666A3 /* GetCommentResponse.swift */ = {isa = PBXFileReference; lastKnownFileType = sourcecode.swift; path = GetCommentResponse.swift; sourceTree = "<group>"; };
		110E778D266D3B4D003666A3 /* NetworkError.swift */ = {isa = PBXFileReference; lastKnownFileType = sourcecode.swift; path = NetworkError.swift; sourceTree = "<group>"; };
/* End PBXFileReference section */

/* Begin PBXFrameworksBuildPhase section */
		110E775C266D280E003666A3 /* Frameworks */ = {
			isa = PBXFrameworksBuildPhase;
			buildActionMask = 2147483647;
			files = (
			);
			runOnlyForDeploymentPostprocessing = 0;
		};
/* End PBXFrameworksBuildPhase section */

/* Begin PBXGroup section */
		110E7756266D280E003666A3 = {
			isa = PBXGroup;
			children = (
				110E7761266D280E003666A3 /* MVC-N */,
				110E7760266D280E003666A3 /* Products */,
			);
			sourceTree = "<group>";
		};
		110E7760266D280E003666A3 /* Products */ = {
			isa = PBXGroup;
			children = (
				110E775F266D280E003666A3 /* MVC-N.app */,
			);
			name = Products;
			sourceTree = "<group>";
		};
		110E7761266D280E003666A3 /* MVC-N */ = {
			isa = PBXGroup;
			children = (
				110E777A266D2852003666A3 /* Application */,
				110E777B266D2898003666A3 /* Comments */,
				110E777F266D2905003666A3 /* Supporting files */,
			);
			path = "MVC-N";
			sourceTree = "<group>";
		};
		110E7776266D2821003666A3 /* Model */ = {
			isa = PBXGroup;
			children = (
				110E778D266D3B4D003666A3 /* NetworkError.swift */,
			);
			path = Model;
			sourceTree = "<group>";
		};
		110E7778266D282C003666A3 /* View */ = {
			isa = PBXGroup;
			children = (
				110E776D266D2810003666A3 /* LaunchScreen.storyboard */,
			);
			path = View;
			sourceTree = "<group>";
		};
		110E7779266D2832003666A3 /* Controller */ = {
			isa = PBXGroup;
			children = (
				110E7762266D280E003666A3 /* AppDelegate.swift */,
			);
			path = Controller;
			sourceTree = "<group>";
		};
		110E777A266D2852003666A3 /* Application */ = {
			isa = PBXGroup;
			children = (
				110E7776266D2821003666A3 /* Model */,
				110E7778266D282C003666A3 /* View */,
				110E7779266D2832003666A3 /* Controller */,
				110E7784266D337C003666A3 /* NetworkService */,
			);
			path = Application;
			sourceTree = "<group>";
		};
		110E777B266D2898003666A3 /* Comments */ = {
			isa = PBXGroup;
			children = (
				110E777C266D28AE003666A3 /* Model */,
				110E777D266D28B6003666A3 /* View */,
				110E777E266D28BA003666A3 /* Controller */,
				110E7787266D3987003666A3 /* CommentNetworkService */,
			);
			path = Comments;
			sourceTree = "<group>";
		};
		110E777C266D28AE003666A3 /* Model */ = {
			isa = PBXGroup;
			children = (
				110E778C266D3AE4003666A3 /* Responses */,
				110E7782266D312B003666A3 /* Comment.swift */,
			);
			path = Model;
			sourceTree = "<group>";
		};
		110E777D266D28B6003666A3 /* View */ = {
			isa = PBXGroup;
			children = (
				110E7768266D280E003666A3 /* Main.storyboard */,
				110E7780266D2FA9003666A3 /* CommentCell.swift */,
			);
			path = View;
			sourceTree = "<group>";
		};
		110E777E266D28BA003666A3 /* Controller */ = {
			isa = PBXGroup;
			children = (
				110E7766266D280E003666A3 /* CommentsViewController.swift */,
			);
			path = Controller;
			sourceTree = "<group>";
		};
		110E777F266D2905003666A3 /* Supporting files */ = {
			isa = PBXGroup;
			children = (
				110E7764266D280E003666A3 /* SceneDelegate.swift */,
				110E776B266D2810003666A3 /* Assets.xcassets */,
				110E7770266D2810003666A3 /* Info.plist */,
			);
			path = "Supporting files";
			sourceTree = "<group>";
		};
		110E7784266D337C003666A3 /* NetworkService */ = {
			isa = PBXGroup;
			children = (
				110E7785266D33A1003666A3 /* NetworkService.swift */,
			);
			path = NetworkService;
			sourceTree = "<group>";
		};
		110E7787266D3987003666A3 /* CommentNetworkService */ = {
			isa = PBXGroup;
			children = (
				110E7788266D39AD003666A3 /* CommentNetworkService.swift */,
			);
			path = CommentNetworkService;
			sourceTree = "<group>";
		};
		110E778C266D3AE4003666A3 /* Responses */ = {
			isa = PBXGroup;
			children = (
				110E778A266D3A6E003666A3 /* GetCommentResponse.swift */,
			);
			path = Responses;
			sourceTree = "<group>";
		};
/* End PBXGroup section */

/* Begin PBXNativeTarget section */
		110E775E266D280E003666A3 /* MVC-N */ = {
			isa = PBXNativeTarget;
			buildConfigurationList = 110E7773266D2810003666A3 /* Build configuration list for PBXNativeTarget "MVC-N" */;
			buildPhases = (
				110E775B266D280E003666A3 /* Sources */,
				110E775C266D280E003666A3 /* Frameworks */,
				110E775D266D280E003666A3 /* Resources */,
			);
			buildRules = (
			);
			dependencies = (
			);
			name = "MVC-N";
			productName = "MVC-N";
			productReference = 110E775F266D280E003666A3 /* MVC-N.app */;
			productType = "com.apple.product-type.application";
		};
/* End PBXNativeTarget section */

/* Begin PBXProject section */
		110E7757266D280E003666A3 /* Project object */ = {
			isa = PBXProject;
			attributes = {
				LastSwiftUpdateCheck = 1250;
				LastUpgradeCheck = 1250;
				TargetAttributes = {
					110E775E266D280E003666A3 = {
						CreatedOnToolsVersion = 12.5;
					};
				};
			};
			buildConfigurationList = 110E775A266D280E003666A3 /* Build configuration list for PBXProject "MVC-N" */;
			compatibilityVersion = "Xcode 9.3";
			developmentRegion = en;
			hasScannedForEncodings = 0;
			knownRegions = (
				en,
				Base,
			);
			mainGroup = 110E7756266D280E003666A3;
			productRefGroup = 110E7760266D280E003666A3 /* Products */;
			projectDirPath = "";
			projectRoot = "";
			targets = (
				110E775E266D280E003666A3 /* MVC-N */,
			);
		};
/* End PBXProject section */

/* Begin PBXResourcesBuildPhase section */
		110E775D266D280E003666A3 /* Resources */ = {
			isa = PBXResourcesBuildPhase;
			buildActionMask = 2147483647;
			files = (
				110E776F266D2810003666A3 /* LaunchScreen.storyboard in Resources */,
				110E776C266D2810003666A3 /* Assets.xcassets in Resources */,
				110E776A266D280E003666A3 /* Main.storyboard in Resources */,
			);
			runOnlyForDeploymentPostprocessing = 0;
		};
/* End PBXResourcesBuildPhase section */

/* Begin PBXSourcesBuildPhase section */
		110E775B266D280E003666A3 /* Sources */ = {
			isa = PBXSourcesBuildPhase;
			buildActionMask = 2147483647;
			files = (
				110E7783266D312B003666A3 /* Comment.swift in Sources */,
				110E7767266D280E003666A3 /* CommentsViewController.swift in Sources */,
				110E7763266D280E003666A3 /* AppDelegate.swift in Sources */,
				110E7765266D280E003666A3 /* SceneDelegate.swift in Sources */,
				110E7786266D33A1003666A3 /* NetworkService.swift in Sources */,
				110E778B266D3A6E003666A3 /* GetCommentResponse.swift in Sources */,
				110E778E266D3B4D003666A3 /* NetworkError.swift in Sources */,
				110E7781266D2FA9003666A3 /* CommentCell.swift in Sources */,
				110E7789266D39AD003666A3 /* CommentNetworkService.swift in Sources */,
			);
			runOnlyForDeploymentPostprocessing = 0;
		};
/* End PBXSourcesBuildPhase section */

/* Begin PBXVariantGroup section */
		110E7768266D280E003666A3 /* Main.storyboard */ = {
			isa = PBXVariantGroup;
			children = (
				110E7769266D280E003666A3 /* Base */,
			);
			name = Main.storyboard;
			sourceTree = "<group>";
		};
		110E776D266D2810003666A3 /* LaunchScreen.storyboard */ = {
			isa = PBXVariantGroup;
			children = (
				110E776E266D2810003666A3 /* Base */,
			);
			name = LaunchScreen.storyboard;
			sourceTree = "<group>";
		};
/* End PBXVariantGroup section */

/* Begin XCBuildConfiguration section */
		110E7771266D2810003666A3 /* Debug */ = {
			isa = XCBuildConfiguration;
			buildSettings = {
				ALWAYS_SEARCH_USER_PATHS = NO;
				CLANG_ANALYZER_NONNULL = YES;
				CLANG_ANALYZER_NUMBER_OBJECT_CONVERSION = YES_AGGRESSIVE;
				CLANG_CXX_LANGUAGE_STANDARD = "gnu++14";
				CLANG_CXX_LIBRARY = "libc++";
				CLANG_ENABLE_MODULES = YES;
				CLANG_ENABLE_OBJC_ARC = YES;
				CLANG_ENABLE_OBJC_WEAK = YES;
				CLANG_WARN_BLOCK_CAPTURE_AUTORELEASING = YES;
				CLANG_WARN_BOOL_CONVERSION = YES;
				CLANG_WARN_COMMA = YES;
				CLANG_WARN_CONSTANT_CONVERSION = YES;
				CLANG_WARN_DEPRECATED_OBJC_IMPLEMENTATIONS = YES;
				CLANG_WARN_DIRECT_OBJC_ISA_USAGE = YES_ERROR;
				CLANG_WARN_DOCUMENTATION_COMMENTS = YES;
				CLANG_WARN_EMPTY_BODY = YES;
				CLANG_WARN_ENUM_CONVERSION = YES;
				CLANG_WARN_INFINITE_RECURSION = YES;
				CLANG_WARN_INT_CONVERSION = YES;
				CLANG_WARN_NON_LITERAL_NULL_CONVERSION = YES;
				CLANG_WARN_OBJC_IMPLICIT_RETAIN_SELF = YES;
				CLANG_WARN_OBJC_LITERAL_CONVERSION = YES;
				CLANG_WARN_OBJC_ROOT_CLASS = YES_ERROR;
				CLANG_WARN_QUOTED_INCLUDE_IN_FRAMEWORK_HEADER = YES;
				CLANG_WARN_RANGE_LOOP_ANALYSIS = YES;
				CLANG_WARN_STRICT_PROTOTYPES = YES;
				CLANG_WARN_SUSPICIOUS_MOVE = YES;
				CLANG_WARN_UNGUARDED_AVAILABILITY = YES_AGGRESSIVE;
				CLANG_WARN_UNREACHABLE_CODE = YES;
				CLANG_WARN__DUPLICATE_METHOD_MATCH = YES;
				COPY_PHASE_STRIP = NO;
				DEBUG_INFORMATION_FORMAT = dwarf;
				ENABLE_STRICT_OBJC_MSGSEND = YES;
				ENABLE_TESTABILITY = YES;
				GCC_C_LANGUAGE_STANDARD = gnu11;
				GCC_DYNAMIC_NO_PIC = NO;
				GCC_NO_COMMON_BLOCKS = YES;
				GCC_OPTIMIZATION_LEVEL = 0;
				GCC_PREPROCESSOR_DEFINITIONS = (
					"DEBUG=1",
					"$(inherited)",
				);
				GCC_WARN_64_TO_32_BIT_CONVERSION = YES;
				GCC_WARN_ABOUT_RETURN_TYPE = YES_ERROR;
				GCC_WARN_UNDECLARED_SELECTOR = YES;
				GCC_WARN_UNINITIALIZED_AUTOS = YES_AGGRESSIVE;
				GCC_WARN_UNUSED_FUNCTION = YES;
				GCC_WARN_UNUSED_VARIABLE = YES;
				IPHONEOS_DEPLOYMENT_TARGET = 14.5;
				MTL_ENABLE_DEBUG_INFO = INCLUDE_SOURCE;
				MTL_FAST_MATH = YES;
				ONLY_ACTIVE_ARCH = YES;
				SDKROOT = iphoneos;
				SWIFT_ACTIVE_COMPILATION_CONDITIONS = DEBUG;
				SWIFT_OPTIMIZATION_LEVEL = "-Onone";
			};
			name = Debug;
		};
		110E7772266D2810003666A3 /* Release */ = {
			isa = XCBuildConfiguration;
			buildSettings = {
				ALWAYS_SEARCH_USER_PATHS = NO;
				CLANG_ANALYZER_NONNULL = YES;
				CLANG_ANALYZER_NUMBER_OBJECT_CONVERSION = YES_AGGRESSIVE;
				CLANG_CXX_LANGUAGE_STANDARD = "gnu++14";
				CLANG_CXX_LIBRARY = "libc++";
				CLANG_ENABLE_MODULES = YES;
				CLANG_ENABLE_OBJC_ARC = YES;
				CLANG_ENABLE_OBJC_WEAK = YES;
				CLANG_WARN_BLOCK_CAPTURE_AUTORELEASING = YES;
				CLANG_WARN_BOOL_CONVERSION = YES;
				CLANG_WARN_COMMA = YES;
				CLANG_WARN_CONSTANT_CONVERSION = YES;
				CLANG_WARN_DEPRECATED_OBJC_IMPLEMENTATIONS = YES;
				CLANG_WARN_DIRECT_OBJC_ISA_USAGE = YES_ERROR;
				CLANG_WARN_DOCUMENTATION_COMMENTS = YES;
				CLANG_WARN_EMPTY_BODY = YES;
				CLANG_WARN_ENUM_CONVERSION = YES;
				CLANG_WARN_INFINITE_RECURSION = YES;
				CLANG_WARN_INT_CONVERSION = YES;
				CLANG_WARN_NON_LITERAL_NULL_CONVERSION = YES;
				CLANG_WARN_OBJC_IMPLICIT_RETAIN_SELF = YES;
				CLANG_WARN_OBJC_LITERAL_CONVERSION = YES;
				CLANG_WARN_OBJC_ROOT_CLASS = YES_ERROR;
				CLANG_WARN_QUOTED_INCLUDE_IN_FRAMEWORK_HEADER = YES;
				CLANG_WARN_RANGE_LOOP_ANALYSIS = YES;
				CLANG_WARN_STRICT_PROTOTYPES = YES;
				CLANG_WARN_SUSPICIOUS_MOVE = YES;
				CLANG_WARN_UNGUARDED_AVAILABILITY = YES_AGGRESSIVE;
				CLANG_WARN_UNREACHABLE_CODE = YES;
				CLANG_WARN__DUPLICATE_METHOD_MATCH = YES;
				COPY_PHASE_STRIP = NO;
				DEBUG_INFORMATION_FORMAT = "dwarf-with-dsym";
				ENABLE_NS_ASSERTIONS = NO;
				ENABLE_STRICT_OBJC_MSGSEND = YES;
				GCC_C_LANGUAGE_STANDARD = gnu11;
				GCC_NO_COMMON_BLOCKS = YES;
				GCC_WARN_64_TO_32_BIT_CONVERSION = YES;
				GCC_WARN_ABOUT_RETURN_TYPE = YES_ERROR;
				GCC_WARN_UNDECLARED_SELECTOR = YES;
				GCC_WARN_UNINITIALIZED_AUTOS = YES_AGGRESSIVE;
				GCC_WARN_UNUSED_FUNCTION = YES;
				GCC_WARN_UNUSED_VARIABLE = YES;
				IPHONEOS_DEPLOYMENT_TARGET = 14.5;
				MTL_ENABLE_DEBUG_INFO = NO;
				MTL_FAST_MATH = YES;
				SDKROOT = iphoneos;
				SWIFT_COMPILATION_MODE = wholemodule;
				SWIFT_OPTIMIZATION_LEVEL = "-O";
				VALIDATE_PRODUCT = YES;
			};
			name = Release;
		};
		110E7774266D2810003666A3 /* Debug */ = {
			isa = XCBuildConfiguration;
			buildSettings = {
				ASSETCATALOG_COMPILER_APPICON_NAME = AppIcon;
				ASSETCATALOG_COMPILER_GLOBAL_ACCENT_COLOR_NAME = AccentColor;
				CODE_SIGN_STYLE = Automatic;
				DEVELOPMENT_TEAM = 9CHP9M644H;
				INFOPLIST_FILE = "MVC-N/Supporting files/Info.plist";
				LD_RUNPATH_SEARCH_PATHS = (
					"$(inherited)",
					"@executable_path/Frameworks",
				);
				PRODUCT_BUNDLE_IDENTIFIER = "com.nikitaZakharchenko.MVC-N";
				PRODUCT_NAME = "$(TARGET_NAME)";
				SWIFT_VERSION = 5.0;
				TARGETED_DEVICE_FAMILY = "1,2";
			};
			name = Debug;
		};
		110E7775266D2810003666A3 /* Release */ = {
			isa = XCBuildConfiguration;
			buildSettings = {
				ASSETCATALOG_COMPILER_APPICON_NAME = AppIcon;
				ASSETCATALOG_COMPILER_GLOBAL_ACCENT_COLOR_NAME = AccentColor;
				CODE_SIGN_STYLE = Automatic;
				DEVELOPMENT_TEAM = 9CHP9M644H;
				INFOPLIST_FILE = "MVC-N/Supporting files/Info.plist";
				LD_RUNPATH_SEARCH_PATHS = (
					"$(inherited)",
					"@executable_path/Frameworks",
				);
				PRODUCT_BUNDLE_IDENTIFIER = "com.nikitaZakharchenko.MVC-N";
				PRODUCT_NAME = "$(TARGET_NAME)";
				SWIFT_VERSION = 5.0;
				TARGETED_DEVICE_FAMILY = "1,2";
			};
			name = Release;
		};
/* End XCBuildConfiguration section */

/* Begin XCConfigurationList section */
		110E775A266D280E003666A3 /* Build configuration list for PBXProject "MVC-N" */ = {
			isa = XCConfigurationList;
			buildConfigurations = (
				110E7771266D2810003666A3 /* Debug */,
				110E7772266D2810003666A3 /* Release */,
			);
			defaultConfigurationIsVisible = 0;
			defaultConfigurationName = Release;
		};
		110E7773266D2810003666A3 /* Build configuration list for PBXNativeTarget "MVC-N" */ = {
			isa = XCConfigurationList;
			buildConfigurations = (
				110E7774266D2810003666A3 /* Debug */,
				110E7775266D2810003666A3 /* Release */,
			);
			defaultConfigurationIsVisible = 0;
			defaultConfigurationName = Release;
		};
/* End XCConfigurationList section */
	};
	rootObject = 110E7757266D280E003666A3 /* Project object */;
}
